
Microsoft Visual Studio Solution File, Format Version 12.00
# Visual Studio Version 16
VisualStudioVersion = 16.0.29324.140
MinimumVisualStudioVersion = 10.0.40219.1
Project("{9A19103F-16F7-4668-BE54-9A1E7A4F7556}") = "TcpExample.UI", "TcpExample.UI\TcpExample.UI.csproj", "{C33E5725-E1CF-488D-861A-76F4E1353FF7}"
EndProject
Project("{9A19103F-16F7-4668-BE54-9A1E7A4F7556}") = "TcpExample.DataAccess", "TcpExample.DataAccess\TcpExample.DataAccess.csproj", "{C9C204B2-36E3-4325-B3BE-92A7DCB71831}"
EndProject
Project("{9A19103F-16F7-4668-BE54-9A1E7A4F7556}") = "TcpExample.Domain", "TcpExample.Domain\TcpExample.Domain.csproj", "{19AA10F6-26F9-4A3D-A18E-C78D8114303C}"
EndProject
Project("{9A19103F-16F7-4668-BE54-9A1E7A4F7556}") = "TcpExample.Domain.Common", "TcpExample.Domain.Common\TcpExample.Domain.Common.csproj", "{4485C94B-8A8E-4DD3-9338-5E4BFC9446C1}"
EndProject
Project("{9A19103F-16F7-4668-BE54-9A1E7A4F7556}") = "TcpExample.Services", "TcpExample.Services\TcpExample.Services.csproj", "{5414DA08-7C6D-4A65-8490-04179EC13782}"
EndProject
Project("{FAE04EC0-301F-11D3-BF4B-00C04F79EFBC}") = "TcpListener", "TcpListener\TcpListener.csproj", "{93E4CAC5-3855-40D4-BA20-56C2B3E6A4FF}"
EndProject
Global
	GlobalSection(SolutionConfigurationPlatforms) = preSolution
		Ad-Hoc|Any CPU = Ad-Hoc|Any CPU
		Ad-Hoc|iPhone = Ad-Hoc|iPhone
		Ad-Hoc|iPhoneSimulator = Ad-Hoc|iPhoneSimulator
		Ad-Hoc|x64 = Ad-Hoc|x64
		Ad-Hoc|x86 = Ad-Hoc|x86
		AppStore|Any CPU = AppStore|Any CPU
		AppStore|iPhone = AppStore|iPhone
		AppStore|iPhoneSimulator = AppStore|iPhoneSimulator
		AppStore|x64 = AppStore|x64
		AppStore|x86 = AppStore|x86
		Debug|Any CPU = Debug|Any CPU
		Debug|iPhone = Debug|iPhone
		Debug|iPhoneSimulator = Debug|iPhoneSimulator
		Debug|x64 = Debug|x64
		Debug|x86 = Debug|x86
		Release|Any CPU = Release|Any CPU
		Release|iPhone = Release|iPhone
		Release|iPhoneSimulator = Release|iPhoneSimulator
		Release|x64 = Release|x64
		Release|x86 = Release|x86
	EndGlobalSection
	GlobalSection(ProjectConfigurationPlatforms) = postSolution
		{C33E5725-E1CF-488D-861A-76F4E1353FF7}.Ad-Hoc|Any CPU.ActiveCfg = Release|Any CPU
		{C33E5725-E1CF-488D-861A-76F4E1353FF7}.Ad-Hoc|Any CPU.Build.0 = Release|Any CPU
		{C33E5725-E1CF-488D-861A-76F4E1353FF7}.Ad-Hoc|iPhone.ActiveCfg = Release|Any CPU
		{C33E5725-E1CF-488D-861A-76F4E1353FF7}.Ad-Hoc|iPhone.Build.0 = Release|Any CPU
		{C33E5725-E1CF-488D-861A-76F4E1353FF7}.Ad-Hoc|iPhoneSimulator.ActiveCfg = Release|Any CPU
		{C33E5725-E1CF-488D-861A-76F4E1353FF7}.Ad-Hoc|iPhoneSimulator.Build.0 = Release|Any CPU
		{C33E5725-E1CF-488D-861A-76F4E1353FF7}.Ad-Hoc|x64.ActiveCfg = Debug|Any CPU
		{C33E5725-E1CF-488D-861A-76F4E1353FF7}.Ad-Hoc|x64.Build.0 = Debug|Any CPU
		{C33E5725-E1CF-488D-861A-76F4E1353FF7}.Ad-Hoc|x86.ActiveCfg = Debug|Any CPU
		{C33E5725-E1CF-488D-861A-76F4E1353FF7}.Ad-Hoc|x86.Build.0 = Debug|Any CPU
		{C33E5725-E1CF-488D-861A-76F4E1353FF7}.AppStore|Any CPU.ActiveCfg = Release|Any CPU
		{C33E5725-E1CF-488D-861A-76F4E1353FF7}.AppStore|Any CPU.Build.0 = Release|Any CPU
		{C33E5725-E1CF-488D-861A-76F4E1353FF7}.AppStore|iPhone.ActiveCfg = Release|Any CPU
		{C33E5725-E1CF-488D-861A-76F4E1353FF7}.AppStore|iPhone.Build.0 = Release|Any CPU
		{C33E5725-E1CF-488D-861A-76F4E1353FF7}.AppStore|iPhoneSimulator.ActiveCfg = Release|Any CPU
		{C33E5725-E1CF-488D-861A-76F4E1353FF7}.AppStore|iPhoneSimulator.Build.0 = Release|Any CPU
		{C33E5725-E1CF-488D-861A-76F4E1353FF7}.AppStore|x64.ActiveCfg = Debug|Any CPU
		{C33E5725-E1CF-488D-861A-76F4E1353FF7}.AppStore|x64.Build.0 = Debug|Any CPU
		{C33E5725-E1CF-488D-861A-76F4E1353FF7}.AppStore|x86.ActiveCfg = Debug|Any CPU
		{C33E5725-E1CF-488D-861A-76F4E1353FF7}.AppStore|x86.Build.0 = Debug|Any CPU
		{C33E5725-E1CF-488D-861A-76F4E1353FF7}.Debug|Any CPU.ActiveCfg = Debug|Any CPU
		{C33E5725-E1CF-488D-861A-76F4E1353FF7}.Debug|Any CPU.Build.0 = Debug|Any CPU
		{C33E5725-E1CF-488D-861A-76F4E1353FF7}.Debug|iPhone.ActiveCfg = Debug|Any CPU
		{C33E5725-E1CF-488D-861A-76F4E1353FF7}.Debug|iPhone.Build.0 = Debug|Any CPU
		{C33E5725-E1CF-488D-861A-76F4E1353FF7}.Debug|iPhoneSimulator.ActiveCfg = Debug|Any CPU
		{C33E5725-E1CF-488D-861A-76F4E1353FF7}.Debug|iPhoneSimulator.Build.0 = Debug|Any CPU
		{C33E5725-E1CF-488D-861A-76F4E1353FF7}.Debug|x64.ActiveCfg = Debug|Any CPU
		{C33E5725-E1CF-488D-861A-76F4E1353FF7}.Debug|x64.Build.0 = Debug|Any CPU
		{C33E5725-E1CF-488D-861A-76F4E1353FF7}.Debug|x86.ActiveCfg = Debug|Any CPU
		{C33E5725-E1CF-488D-861A-76F4E1353FF7}.Debug|x86.Build.0 = Debug|Any CPU
		{C33E5725-E1CF-488D-861A-76F4E1353FF7}.Release|Any CPU.ActiveCfg = Release|Any CPU
		{C33E5725-E1CF-488D-861A-76F4E1353FF7}.Release|Any CPU.Build.0 = Release|Any CPU
		{C33E5725-E1CF-488D-861A-76F4E1353FF7}.Release|iPhone.ActiveCfg = Release|Any CPU
		{C33E5725-E1CF-488D-861A-76F4E1353FF7}.Release|iPhone.Build.0 = Release|Any CPU
		{C33E5725-E1CF-488D-861A-76F4E1353FF7}.Release|iPhoneSimulator.ActiveCfg = Release|Any CPU
		{C33E5725-E1CF-488D-861A-76F4E1353FF7}.Release|iPhoneSimulator.Build.0 = Release|Any CPU
		{C33E5725-E1CF-488D-861A-76F4E1353FF7}.Release|x64.ActiveCfg = Release|Any CPU
		{C33E5725-E1CF-488D-861A-76F4E1353FF7}.Release|x64.Build.0 = Release|Any CPU
		{C33E5725-E1CF-488D-861A-76F4E1353FF7}.Release|x86.ActiveCfg = Release|Any CPU
		{C33E5725-E1CF-488D-861A-76F4E1353FF7}.Release|x86.Build.0 = Release|Any CPU
		{C9C204B2-36E3-4325-B3BE-92A7DCB71831}.Ad-Hoc|Any CPU.ActiveCfg = Debug|Any CPU
		{C9C204B2-36E3-4325-B3BE-92A7DCB71831}.Ad-Hoc|Any CPU.Build.0 = Debug|Any CPU
		{C9C204B2-36E3-4325-B3BE-92A7DCB71831}.Ad-Hoc|iPhone.ActiveCfg = Debug|Any CPU
		{C9C204B2-36E3-4325-B3BE-92A7DCB71831}.Ad-Hoc|iPhone.Build.0 = Debug|Any CPU
		{C9C204B2-36E3-4325-B3BE-92A7DCB71831}.Ad-Hoc|iPhoneSimulator.ActiveCfg = Debug|Any CPU
		{C9C204B2-36E3-4325-B3BE-92A7DCB71831}.Ad-Hoc|iPhoneSimulator.Build.0 = Debug|Any CPU
		{C9C204B2-36E3-4325-B3BE-92A7DCB71831}.Ad-Hoc|x64.ActiveCfg = Debug|Any CPU
		{C9C204B2-36E3-4325-B3BE-92A7DCB71831}.Ad-Hoc|x64.Build.0 = Debug|Any CPU
		{C9C204B2-36E3-4325-B3BE-92A7DCB71831}.Ad-Hoc|x86.ActiveCfg = Debug|Any CPU
		{C9C204B2-36E3-4325-B3BE-92A7DCB71831}.Ad-Hoc|x86.Build.0 = Debug|Any CPU
		{C9C204B2-36E3-4325-B3BE-92A7DCB71831}.AppStore|Any CPU.ActiveCfg = Debug|Any CPU
		{C9C204B2-36E3-4325-B3BE-92A7DCB71831}.AppStore|Any CPU.Build.0 = Debug|Any CPU
		{C9C204B2-36E3-4325-B3BE-92A7DCB71831}.AppStore|iPhone.ActiveCfg = Debug|Any CPU
		{C9C204B2-36E3-4325-B3BE-92A7DCB71831}.AppStore|iPhone.Build.0 = Debug|Any CPU
		{C9C204B2-36E3-4325-B3BE-92A7DCB71831}.AppStore|iPhoneSimulator.ActiveCfg = Debug|Any CPU
		{C9C204B2-36E3-4325-B3BE-92A7DCB71831}.AppStore|iPhoneSimulator.Build.0 = Debug|Any CPU
		{C9C204B2-36E3-4325-B3BE-92A7DCB71831}.AppStore|x64.ActiveCfg = Debug|Any CPU
		{C9C204B2-36E3-4325-B3BE-92A7DCB71831}.AppStore|x64.Build.0 = Debug|Any CPU
		{C9C204B2-36E3-4325-B3BE-92A7DCB71831}.AppStore|x86.ActiveCfg = Debug|Any CPU
		{C9C204B2-36E3-4325-B3BE-92A7DCB71831}.AppStore|x86.Build.0 = Debug|Any CPU
		{C9C204B2-36E3-4325-B3BE-92A7DCB71831}.Debug|Any CPU.ActiveCfg = Debug|Any CPU
		{C9C204B2-36E3-4325-B3BE-92A7DCB71831}.Debug|Any CPU.Build.0 = Debug|Any CPU
		{C9C204B2-36E3-4325-B3BE-92A7DCB71831}.Debug|iPhone.ActiveCfg = Debug|Any CPU
		{C9C204B2-36E3-4325-B3BE-92A7DCB71831}.Debug|iPhone.Build.0 = Debug|Any CPU
		{C9C204B2-36E3-4325-B3BE-92A7DCB71831}.Debug|iPhoneSimulator.ActiveCfg = Debug|Any CPU
		{C9C204B2-36E3-4325-B3BE-92A7DCB71831}.Debug|iPhoneSimulator.Build.0 = Debug|Any CPU
		{C9C204B2-36E3-4325-B3BE-92A7DCB71831}.Debug|x64.ActiveCfg = Debug|Any CPU
		{C9C204B2-36E3-4325-B3BE-92A7DCB71831}.Debug|x64.Build.0 = Debug|Any CPU
		{C9C204B2-36E3-4325-B3BE-92A7DCB71831}.Debug|x86.ActiveCfg = Debug|Any CPU
		{C9C204B2-36E3-4325-B3BE-92A7DCB71831}.Debug|x86.Build.0 = Debug|Any CPU
		{C9C204B2-36E3-4325-B3BE-92A7DCB71831}.Release|Any CPU.ActiveCfg = Release|Any CPU
		{C9C204B2-36E3-4325-B3BE-92A7DCB71831}.Release|Any CPU.Build.0 = Release|Any CPU
		{C9C204B2-36E3-4325-B3BE-92A7DCB71831}.Release|iPhone.ActiveCfg = Release|Any CPU
		{C9C204B2-36E3-4325-B3BE-92A7DCB71831}.Release|iPhone.Build.0 = Release|Any CPU
		{C9C204B2-36E3-4325-B3BE-92A7DCB71831}.Release|iPhoneSimulator.ActiveCfg = Release|Any CPU
		{C9C204B2-36E3-4325-B3BE-92A7DCB71831}.Release|iPhoneSimulator.Build.0 = Release|Any CPU
		{C9C204B2-36E3-4325-B3BE-92A7DCB71831}.Release|x64.ActiveCfg = Release|Any CPU
		{C9C204B2-36E3-4325-B3BE-92A7DCB71831}.Release|x64.Build.0 = Release|Any CPU
		{C9C204B2-36E3-4325-B3BE-92A7DCB71831}.Release|x86.ActiveCfg = Release|Any CPU
		{C9C204B2-36E3-4325-B3BE-92A7DCB71831}.Release|x86.Build.0 = Release|Any CPU
		{19AA10F6-26F9-4A3D-A18E-C78D8114303C}.Ad-Hoc|Any CPU.ActiveCfg = Debug|Any CPU
		{19AA10F6-26F9-4A3D-A18E-C78D8114303C}.Ad-Hoc|Any CPU.Build.0 = Debug|Any CPU
		{19AA10F6-26F9-4A3D-A18E-C78D8114303C}.Ad-Hoc|iPhone.ActiveCfg = Debug|Any CPU
		{19AA10F6-26F9-4A3D-A18E-C78D8114303C}.Ad-Hoc|iPhone.Build.0 = Debug|Any CPU
		{19AA10F6-26F9-4A3D-A18E-C78D8114303C}.Ad-Hoc|iPhoneSimulator.ActiveCfg = Debug|Any CPU
		{19AA10F6-26F9-4A3D-A18E-C78D8114303C}.Ad-Hoc|iPhoneSimulator.Build.0 = Debug|Any CPU
		{19AA10F6-26F9-4A3D-A18E-C78D8114303C}.Ad-Hoc|x64.ActiveCfg = Debug|Any CPU
		{19AA10F6-26F9-4A3D-A18E-C78D8114303C}.Ad-Hoc|x64.Build.0 = Debug|Any CPU
		{19AA10F6-26F9-4A3D-A18E-C78D8114303C}.Ad-Hoc|x86.ActiveCfg = Debug|Any CPU
		{19AA10F6-26F9-4A3D-A18E-C78D8114303C}.Ad-Hoc|x86.Build.0 = Debug|Any CPU
		{19AA10F6-26F9-4A3D-A18E-C78D8114303C}.AppStore|Any CPU.ActiveCfg = Debug|Any CPU
		{19AA10F6-26F9-4A3D-A18E-C78D8114303C}.AppStore|Any CPU.Build.0 = Debug|Any CPU
		{19AA10F6-26F9-4A3D-A18E-C78D8114303C}.AppStore|iPhone.ActiveCfg = Debug|Any CPU
		{19AA10F6-26F9-4A3D-A18E-C78D8114303C}.AppStore|iPhone.Build.0 = Debug|Any CPU
		{19AA10F6-26F9-4A3D-A18E-C78D8114303C}.AppStore|iPhoneSimulator.ActiveCfg = Debug|Any CPU
		{19AA10F6-26F9-4A3D-A18E-C78D8114303C}.AppStore|iPhoneSimulator.Build.0 = Debug|Any CPU
		{19AA10F6-26F9-4A3D-A18E-C78D8114303C}.AppStore|x64.ActiveCfg = Debug|Any CPU
		{19AA10F6-26F9-4A3D-A18E-C78D8114303C}.AppStore|x64.Build.0 = Debug|Any CPU
		{19AA10F6-26F9-4A3D-A18E-C78D8114303C}.AppStore|x86.ActiveCfg = Debug|Any CPU
		{19AA10F6-26F9-4A3D-A18E-C78D8114303C}.AppStore|x86.Build.0 = Debug|Any CPU
		{19AA10F6-26F9-4A3D-A18E-C78D8114303C}.Debug|Any CPU.ActiveCfg = Debug|Any CPU
		{19AA10F6-26F9-4A3D-A18E-C78D8114303C}.Debug|Any CPU.Build.0 = Debug|Any CPU
		{19AA10F6-26F9-4A3D-A18E-C78D8114303C}.Debug|iPhone.ActiveCfg = Debug|Any CPU
		{19AA10F6-26F9-4A3D-A18E-C78D8114303C}.Debug|iPhone.Build.0 = Debug|Any CPU
		{19AA10F6-26F9-4A3D-A18E-C78D8114303C}.Debug|iPhoneSimulator.ActiveCfg = Debug|Any CPU
		{19AA10F6-26F9-4A3D-A18E-C78D8114303C}.Debug|iPhoneSimulator.Build.0 = Debug|Any CPU
		{19AA10F6-26F9-4A3D-A18E-C78D8114303C}.Debug|x64.ActiveCfg = Debug|Any CPU
		{19AA10F6-26F9-4A3D-A18E-C78D8114303C}.Debug|x64.Build.0 = Debug|Any CPU
		{19AA10F6-26F9-4A3D-A18E-C78D8114303C}.Debug|x86.ActiveCfg = Debug|Any CPU
		{19AA10F6-26F9-4A3D-A18E-C78D8114303C}.Debug|x86.Build.0 = Debug|Any CPU
		{19AA10F6-26F9-4A3D-A18E-C78D8114303C}.Release|Any CPU.ActiveCfg = Release|Any CPU
		{19AA10F6-26F9-4A3D-A18E-C78D8114303C}.Release|Any CPU.Build.0 = Release|Any CPU
		{19AA10F6-26F9-4A3D-A18E-C78D8114303C}.Release|iPhone.ActiveCfg = Release|Any CPU
		{19AA10F6-26F9-4A3D-A18E-C78D8114303C}.Release|iPhone.Build.0 = Release|Any CPU
		{19AA10F6-26F9-4A3D-A18E-C78D8114303C}.Release|iPhoneSimulator.ActiveCfg = Release|Any CPU
		{19AA10F6-26F9-4A3D-A18E-C78D8114303C}.Release|iPhoneSimulator.Build.0 = Release|Any CPU
		{19AA10F6-26F9-4A3D-A18E-C78D8114303C}.Release|x64.ActiveCfg = Release|Any CPU
		{19AA10F6-26F9-4A3D-A18E-C78D8114303C}.Release|x64.Build.0 = Release|Any CPU
		{19AA10F6-26F9-4A3D-A18E-C78D8114303C}.Release|x86.ActiveCfg = Release|Any CPU
		{19AA10F6-26F9-4A3D-A18E-C78D8114303C}.Release|x86.Build.0 = Release|Any CPU
		{4485C94B-8A8E-4DD3-9338-5E4BFC9446C1}.Ad-Hoc|Any CPU.ActiveCfg = Debug|Any CPU
		{4485C94B-8A8E-4DD3-9338-5E4BFC9446C1}.Ad-Hoc|Any CPU.Build.0 = Debug|Any CPU
		{4485C94B-8A8E-4DD3-9338-5E4BFC9446C1}.Ad-Hoc|iPhone.ActiveCfg = Debug|Any CPU
		{4485C94B-8A8E-4DD3-9338-5E4BFC9446C1}.Ad-Hoc|iPhone.Build.0 = Debug|Any CPU
		{4485C94B-8A8E-4DD3-9338-5E4BFC9446C1}.Ad-Hoc|iPhoneSimulator.ActiveCfg = Debug|Any CPU
		{4485C94B-8A8E-4DD3-9338-5E4BFC9446C1}.Ad-Hoc|iPhoneSimulator.Build.0 = Debug|Any CPU
		{4485C94B-8A8E-4DD3-9338-5E4BFC9446C1}.Ad-Hoc|x64.ActiveCfg = Debug|Any CPU
		{4485C94B-8A8E-4DD3-9338-5E4BFC9446C1}.Ad-Hoc|x64.Build.0 = Debug|Any CPU
		{4485C94B-8A8E-4DD3-9338-5E4BFC9446C1}.Ad-Hoc|x86.ActiveCfg = Debug|Any CPU
		{4485C94B-8A8E-4DD3-9338-5E4BFC9446C1}.Ad-Hoc|x86.Build.0 = Debug|Any CPU
		{4485C94B-8A8E-4DD3-9338-5E4BFC9446C1}.AppStore|Any CPU.ActiveCfg = Debug|Any CPU
		{4485C94B-8A8E-4DD3-9338-5E4BFC9446C1}.AppStore|Any CPU.Build.0 = Debug|Any CPU
		{4485C94B-8A8E-4DD3-9338-5E4BFC9446C1}.AppStore|iPhone.ActiveCfg = Debug|Any CPU
		{4485C94B-8A8E-4DD3-9338-5E4BFC9446C1}.AppStore|iPhone.Build.0 = Debug|Any CPU
		{4485C94B-8A8E-4DD3-9338-5E4BFC9446C1}.AppStore|iPhoneSimulator.ActiveCfg = Debug|Any CPU
		{4485C94B-8A8E-4DD3-9338-5E4BFC9446C1}.AppStore|iPhoneSimulator.Build.0 = Debug|Any CPU
		{4485C94B-8A8E-4DD3-9338-5E4BFC9446C1}.AppStore|x64.ActiveCfg = Debug|Any CPU
		{4485C94B-8A8E-4DD3-9338-5E4BFC9446C1}.AppStore|x64.Build.0 = Debug|Any CPU
		{4485C94B-8A8E-4DD3-9338-5E4BFC9446C1}.AppStore|x86.ActiveCfg = Debug|Any CPU
		{4485C94B-8A8E-4DD3-9338-5E4BFC9446C1}.AppStore|x86.Build.0 = Debug|Any CPU
		{4485C94B-8A8E-4DD3-9338-5E4BFC9446C1}.Debug|Any CPU.ActiveCfg = Debug|Any CPU
		{4485C94B-8A8E-4DD3-9338-5E4BFC9446C1}.Debug|Any CPU.Build.0 = Debug|Any CPU
		{4485C94B-8A8E-4DD3-9338-5E4BFC9446C1}.Debug|iPhone.ActiveCfg = Debug|Any CPU
		{4485C94B-8A8E-4DD3-9338-5E4BFC9446C1}.Debug|iPhone.Build.0 = Debug|Any CPU
		{4485C94B-8A8E-4DD3-9338-5E4BFC9446C1}.Debug|iPhoneSimulator.ActiveCfg = Debug|Any CPU
		{4485C94B-8A8E-4DD3-9338-5E4BFC9446C1}.Debug|iPhoneSimulator.Build.0 = Debug|Any CPU
		{4485C94B-8A8E-4DD3-9338-5E4BFC9446C1}.Debug|x64.ActiveCfg = Debug|Any CPU
		{4485C94B-8A8E-4DD3-9338-5E4BFC9446C1}.Debug|x64.Build.0 = Debug|Any CPU
		{4485C94B-8A8E-4DD3-9338-5E4BFC9446C1}.Debug|x86.ActiveCfg = Debug|Any CPU
		{4485C94B-8A8E-4DD3-9338-5E4BFC9446C1}.Debug|x86.Build.0 = Debug|Any CPU
		{4485C94B-8A8E-4DD3-9338-5E4BFC9446C1}.Release|Any CPU.ActiveCfg = Release|Any CPU
		{4485C94B-8A8E-4DD3-9338-5E4BFC9446C1}.Release|Any CPU.Build.0 = Release|Any CPU
		{4485C94B-8A8E-4DD3-9338-5E4BFC9446C1}.Release|iPhone.ActiveCfg = Release|Any CPU
		{4485C94B-8A8E-4DD3-9338-5E4BFC9446C1}.Release|iPhone.Build.0 = Release|Any CPU
		{4485C94B-8A8E-4DD3-9338-5E4BFC9446C1}.Release|iPhoneSimulator.ActiveCfg = Release|Any CPU
		{4485C94B-8A8E-4DD3-9338-5E4BFC9446C1}.Release|iPhoneSimulator.Build.0 = Release|Any CPU
		{4485C94B-8A8E-4DD3-9338-5E4BFC9446C1}.Release|x64.ActiveCfg = Release|Any CPU
		{4485C94B-8A8E-4DD3-9338-5E4BFC9446C1}.Release|x64.Build.0 = Release|Any CPU
		{4485C94B-8A8E-4DD3-9338-5E4BFC9446C1}.Release|x86.ActiveCfg = Release|Any CPU
		{4485C94B-8A8E-4DD3-9338-5E4BFC9446C1}.Release|x86.Build.0 = Release|Any CPU
		{5414DA08-7C6D-4A65-8490-04179EC13782}.Ad-Hoc|Any CPU.ActiveCfg = Debug|Any CPU
		{5414DA08-7C6D-4A65-8490-04179EC13782}.Ad-Hoc|Any CPU.Build.0 = Debug|Any CPU
		{5414DA08-7C6D-4A65-8490-04179EC13782}.Ad-Hoc|iPhone.ActiveCfg = Debug|Any CPU
		{5414DA08-7C6D-4A65-8490-04179EC13782}.Ad-Hoc|iPhone.Build.0 = Debug|Any CPU
		{5414DA08-7C6D-4A65-8490-04179EC13782}.Ad-Hoc|iPhoneSimulator.ActiveCfg = Debug|Any CPU
		{5414DA08-7C6D-4A65-8490-04179EC13782}.Ad-Hoc|iPhoneSimulator.Build.0 = Debug|Any CPU
		{5414DA08-7C6D-4A65-8490-04179EC13782}.Ad-Hoc|x64.ActiveCfg = Debug|Any CPU
		{5414DA08-7C6D-4A65-8490-04179EC13782}.Ad-Hoc|x64.Build.0 = Debug|Any CPU
		{5414DA08-7C6D-4A65-8490-04179EC13782}.Ad-Hoc|x86.ActiveCfg = Debug|Any CPU
		{5414DA08-7C6D-4A65-8490-04179EC13782}.Ad-Hoc|x86.Build.0 = Debug|Any CPU
		{5414DA08-7C6D-4A65-8490-04179EC13782}.AppStore|Any CPU.ActiveCfg = Debug|Any CPU
		{5414DA08-7C6D-4A65-8490-04179EC13782}.AppStore|Any CPU.Build.0 = Debug|Any CPU
		{5414DA08-7C6D-4A65-8490-04179EC13782}.AppStore|iPhone.ActiveCfg = Debug|Any CPU
		{5414DA08-7C6D-4A65-8490-04179EC13782}.AppStore|iPhone.Build.0 = Debug|Any CPU
		{5414DA08-7C6D-4A65-8490-04179EC13782}.AppStore|iPhoneSimulator.ActiveCfg = Debug|Any CPU
		{5414DA08-7C6D-4A65-8490-04179EC13782}.AppStore|iPhoneSimulator.Build.0 = Debug|Any CPU
		{5414DA08-7C6D-4A65-8490-04179EC13782}.AppStore|x64.ActiveCfg = Debug|Any CPU
		{5414DA08-7C6D-4A65-8490-04179EC13782}.AppStore|x64.Build.0 = Debug|Any CPU
		{5414DA08-7C6D-4A65-8490-04179EC13782}.AppStore|x86.ActiveCfg = Debug|Any CPU
		{5414DA08-7C6D-4A65-8490-04179EC13782}.AppStore|x86.Build.0 = Debug|Any CPU
		{5414DA08-7C6D-4A65-8490-04179EC13782}.Debug|Any CPU.ActiveCfg = Debug|Any CPU
		{5414DA08-7C6D-4A65-8490-04179EC13782}.Debug|Any CPU.Build.0 = Debug|Any CPU
		{5414DA08-7C6D-4A65-8490-04179EC13782}.Debug|iPhone.ActiveCfg = Debug|Any CPU
		{5414DA08-7C6D-4A65-8490-04179EC13782}.Debug|iPhone.Build.0 = Debug|Any CPU
		{5414DA08-7C6D-4A65-8490-04179EC13782}.Debug|iPhoneSimulator.ActiveCfg = Debug|Any CPU
		{5414DA08-7C6D-4A65-8490-04179EC13782}.Debug|iPhoneSimulator.Build.0 = Debug|Any CPU
		{5414DA08-7C6D-4A65-8490-04179EC13782}.Debug|x64.ActiveCfg = Debug|Any CPU
		{5414DA08-7C6D-4A65-8490-04179EC13782}.Debug|x64.Build.0 = Debug|Any CPU
		{5414DA08-7C6D-4A65-8490-04179EC13782}.Debug|x86.ActiveCfg = Debug|Any CPU
		{5414DA08-7C6D-4A65-8490-04179EC13782}.Debug|x86.Build.0 = Debug|Any CPU
		{5414DA08-7C6D-4A65-8490-04179EC13782}.Release|Any CPU.ActiveCfg = Release|Any CPU
		{5414DA08-7C6D-4A65-8490-04179EC13782}.Release|Any CPU.Build.0 = Release|Any CPU
		{5414DA08-7C6D-4A65-8490-04179EC13782}.Release|iPhone.ActiveCfg = Release|Any CPU
		{5414DA08-7C6D-4A65-8490-04179EC13782}.Release|iPhone.Build.0 = Release|Any CPU
		{5414DA08-7C6D-4A65-8490-04179EC13782}.Release|iPhoneSimulator.ActiveCfg = Release|Any CPU
		{5414DA08-7C6D-4A65-8490-04179EC13782}.Release|iPhoneSimulator.Build.0 = Release|Any CPU
		{5414DA08-7C6D-4A65-8490-04179EC13782}.Release|x64.ActiveCfg = Release|Any CPU
		{5414DA08-7C6D-4A65-8490-04179EC13782}.Release|x64.Build.0 = Release|Any CPU
		{5414DA08-7C6D-4A65-8490-04179EC13782}.Release|x86.ActiveCfg = Release|Any CPU
		{5414DA08-7C6D-4A65-8490-04179EC13782}.Release|x86.Build.0 = Release|Any CPU
		{93E4CAC5-3855-40D4-BA20-56C2B3E6A4FF}.Ad-Hoc|Any CPU.ActiveCfg = Debug|Any CPU
		{93E4CAC5-3855-40D4-BA20-56C2B3E6A4FF}.Ad-Hoc|Any CPU.Build.0 = Debug|Any CPU
		{93E4CAC5-3855-40D4-BA20-56C2B3E6A4FF}.Ad-Hoc|iPhone.ActiveCfg = Debug|Any CPU
		{93E4CAC5-3855-40D4-BA20-56C2B3E6A4FF}.Ad-Hoc|iPhone.Build.0 = Debug|Any CPU
		{93E4CAC5-3855-40D4-BA20-56C2B3E6A4FF}.Ad-Hoc|iPhoneSimulator.ActiveCfg = Debug|Any CPU
		{93E4CAC5-3855-40D4-BA20-56C2B3E6A4FF}.Ad-Hoc|iPhoneSimulator.Build.0 = Debug|Any CPU
		{93E4CAC5-3855-40D4-BA20-56C2B3E6A4FF}.Ad-Hoc|x64.ActiveCfg = Debug|Any CPU
		{93E4CAC5-3855-40D4-BA20-56C2B3E6A4FF}.Ad-Hoc|x64.Build.0 = Debug|Any CPU
		{93E4CAC5-3855-40D4-BA20-56C2B3E6A4FF}.Ad-Hoc|x86.ActiveCfg = Debug|Any CPU
		{93E4CAC5-3855-40D4-BA20-56C2B3E6A4FF}.Ad-Hoc|x86.Build.0 = Debug|Any CPU
		{93E4CAC5-3855-40D4-BA20-56C2B3E6A4FF}.AppStore|Any CPU.ActiveCfg = Debug|Any CPU
		{93E4CAC5-3855-40D4-BA20-56C2B3E6A4FF}.AppStore|Any CPU.Build.0 = Debug|Any CPU
		{93E4CAC5-3855-40D4-BA20-56C2B3E6A4FF}.AppStore|iPhone.ActiveCfg = Debug|Any CPU
		{93E4CAC5-3855-40D4-BA20-56C2B3E6A4FF}.AppStore|iPhone.Build.0 = Debug|Any CPU
		{93E4CAC5-3855-40D4-BA20-56C2B3E6A4FF}.AppStore|iPhoneSimulator.ActiveCfg = Debug|Any CPU
		{93E4CAC5-3855-40D4-BA20-56C2B3E6A4FF}.AppStore|iPhoneSimulator.Build.0 = Debug|Any CPU
		{93E4CAC5-3855-40D4-BA20-56C2B3E6A4FF}.AppStore|x64.ActiveCfg = Debug|Any CPU
		{93E4CAC5-3855-40D4-BA20-56C2B3E6A4FF}.AppStore|x64.Build.0 = Debug|Any CPU
		{93E4CAC5-3855-40D4-BA20-56C2B3E6A4FF}.AppStore|x86.ActiveCfg = Debug|Any CPU
		{93E4CAC5-3855-40D4-BA20-56C2B3E6A4FF}.AppStore|x86.Build.0 = Debug|Any CPU
		{93E4CAC5-3855-40D4-BA20-56C2B3E6A4FF}.Debug|Any CPU.ActiveCfg = Debug|Any CPU
		{93E4CAC5-3855-40D4-BA20-56C2B3E6A4FF}.Debug|Any CPU.Build.0 = Debug|Any CPU
		{93E4CAC5-3855-40D4-BA20-56C2B3E6A4FF}.Debug|iPhone.ActiveCfg = Debug|Any CPU
		{93E4CAC5-3855-40D4-BA20-56C2B3E6A4FF}.Debug|iPhone.Build.0 = Debug|Any CPU
		{93E4CAC5-3855-40D4-BA20-56C2B3E6A4FF}.Debug|iPhoneSimulator.ActiveCfg = Debug|Any CPU
		{93E4CAC5-3855-40D4-BA20-56C2B3E6A4FF}.Debug|iPhoneSimulator.Build.0 = Debug|Any CPU
		{93E4CAC5-3855-40D4-BA20-56C2B3E6A4FF}.Debug|x64.ActiveCfg = Debug|Any CPU
		{93E4CAC5-3855-40D4-BA20-56C2B3E6A4FF}.Debug|x64.Build.0 = Debug|Any CPU
		{93E4CAC5-3855-40D4-BA20-56C2B3E6A4FF}.Debug|x86.ActiveCfg = Debug|Any CPU
		{93E4CAC5-3855-40D4-BA20-56C2B3E6A4FF}.Debug|x86.Build.0 = Debug|Any CPU
		{93E4CAC5-3855-40D4-BA20-56C2B3E6A4FF}.Release|Any CPU.ActiveCfg = Release|Any CPU
		{93E4CAC5-3855-40D4-BA20-56C2B3E6A4FF}.Release|Any CPU.Build.0 = Release|Any CPU
		{93E4CAC5-3855-40D4-BA20-56C2B3E6A4FF}.Release|iPhone.ActiveCfg = Release|Any CPU
		{93E4CAC5-3855-40D4-BA20-56C2B3E6A4FF}.Release|iPhone.Build.0 = Release|Any CPU
		{93E4CAC5-3855-40D4-BA20-56C2B3E6A4FF}.Release|iPhoneSimulator.ActiveCfg = Release|Any CPU
		{93E4CAC5-3855-40D4-BA20-56C2B3E6A4FF}.Release|iPhoneSimulator.Build.0 = Release|Any CPU
		{93E4CAC5-3855-40D4-BA20-56C2B3E6A4FF}.Release|x64.ActiveCfg = Release|Any CPU
		{93E4CAC5-3855-40D4-BA20-56C2B3E6A4FF}.Release|x64.Build.0 = Release|Any CPU
		{93E4CAC5-3855-40D4-BA20-56C2B3E6A4FF}.Release|x86.ActiveCfg = Release|Any CPU
		{93E4CAC5-3855-40D4-BA20-56C2B3E6A4FF}.Release|x86.Build.0 = Release|Any CPU
	EndGlobalSection
	GlobalSection(SolutionProperties) = preSolution
		HideSolutionNode = FALSE
	EndGlobalSection
	GlobalSection(ExtensibilityGlobals) = postSolution
		SolutionGuid = {62794631-B8FE-4597-9BFE-D05963EA15F4}
	EndGlobalSection
EndGlobal
